
Microsoft Visual Studio Solution File, Format Version 12.00
# Visual Studio Version 17
VisualStudioVersion = 17.8.34322.80
MinimumVisualStudioVersion = 10.0.40219.1
Project("{9A19103F-16F7-4668-BE54-9A1E7A4F7556}") = "StravaUtilities.ApiClient", "src\ApiClient\StravaUtilities.ApiClient.csproj", "{3989418E-3875-4909-9628-6AB1AD71F5E8}"
EndProject
Project("{9A19103F-16F7-4668-BE54-9A1E7A4F7556}") = "StravaUtilities.Models", "src\Models\StravaUtilities.Models.csproj", "{514A51AF-E9FB-4ED6-B47C-02E90A3CE8E3}"
EndProject
Global
	GlobalSection(SolutionConfigurationPlatforms) = preSolution
		Debug|Any CPU = Debug|Any CPU
		Release|Any CPU = Release|Any CPU
	EndGlobalSection
	GlobalSection(ProjectConfigurationPlatforms) = postSolution
		{3989418E-3875-4909-9628-6AB1AD71F5E8}.Debug|Any CPU.ActiveCfg = Debug|Any CPU
		{3989418E-3875-4909-9628-6AB1AD71F5E8}.Debug|Any CPU.Build.0 = Debug|Any CPU
		{3989418E-3875-4909-9628-6AB1AD71F5E8}.Release|Any CPU.ActiveCfg = Release|Any CPU
		{3989418E-3875-4909-9628-6AB1AD71F5E8}.Release|Any CPU.Build.0 = Release|Any CPU
		{514A51AF-E9FB-4ED6-B47C-02E90A3CE8E3}.Debug|Any CPU.ActiveCfg = Debug|Any CPU
		{514A51AF-E9FB-4ED6-B47C-02E90A3CE8E3}.Debug|Any CPU.Build.0 = Debug|Any CPU
		{514A51AF-E9FB-4ED6-B47C-02E90A3CE8E3}.Release|Any CPU.ActiveCfg = Release|Any CPU
		{514A51AF-E9FB-4ED6-B47C-02E90A3CE8E3}.Release|Any CPU.Build.0 = Release|Any CPU
	EndGlobalSection
	GlobalSection(SolutionProperties) = preSolution
		HideSolutionNode = FALSE
	EndGlobalSection
	GlobalSection(ExtensibilityGlobals) = postSolution
		SolutionGuid = {3E7C823E-FDFA-47D9-A411-EFE228725FC8}
	EndGlobalSection
EndGlobal
